// !$*UTF8*$!
{
	archiveVersion = 1;
	classes = {
	};
	objectVersion = 56;
	objects = {

/* Begin PBXBuildFile section */
		19517EC42B454DD8002EF166 /* RecipePage3.swift in Sources */ = {isa = PBXBuildFile; fileRef = 19517EC32B454DD8002EF166 /* RecipePage3.swift */; };
		19517EC62B454E82002EF166 /* RecipePage4.swift in Sources */ = {isa = PBXBuildFile; fileRef = 19517EC52B454E82002EF166 /* RecipePage4.swift */; };
		19517EC82B454EA6002EF166 /* RecipePage5.swift in Sources */ = {isa = PBXBuildFile; fileRef = 19517EC72B454EA6002EF166 /* RecipePage5.swift */; };
		19517ECA2B454ECA002EF166 /* RecipePage6.swift in Sources */ = {isa = PBXBuildFile; fileRef = 19517EC92B454ECA002EF166 /* RecipePage6.swift */; };
		195917FF2B3D8D6900E872CE /* TasteWizApp.swift in Sources */ = {isa = PBXBuildFile; fileRef = 195917FE2B3D8D6900E872CE /* TasteWizApp.swift */; };
		195918012B3D8D6900E872CE /* ContentView.swift in Sources */ = {isa = PBXBuildFile; fileRef = 195918002B3D8D6900E872CE /* ContentView.swift */; };
		195918032B3D8D6A00E872CE /* Assets.xcassets in Resources */ = {isa = PBXBuildFile; fileRef = 195918022B3D8D6A00E872CE /* Assets.xcassets */; };
		195918062B3D8D6A00E872CE /* Preview Assets.xcassets in Resources */ = {isa = PBXBuildFile; fileRef = 195918052B3D8D6A00E872CE /* Preview Assets.xcassets */; };
		1959180F2B3D9E7000E872CE /* ScannerPage.swift in Sources */ = {isa = PBXBuildFile; fileRef = 1959180E2B3D9E7000E872CE /* ScannerPage.swift */; };
		195918132B3DA68600E872CE /* RecipePage.swift in Sources */ = {isa = PBXBuildFile; fileRef = 195918122B3DA68600E872CE /* RecipePage.swift */; };
		195918152B3DA89600E872CE /* RecipePage2.swift in Sources */ = {isa = PBXBuildFile; fileRef = 195918142B3DA89600E872CE /* RecipePage2.swift */; };
		19C04EFA2B401F4E00CB76F4 /* StartPage.swift in Sources */ = {isa = PBXBuildFile; fileRef = 19C04EF92B401F4E00CB76F4 /* StartPage.swift */; };
		19C04EFC2B40206F00CB76F4 /* StartPage2.swift in Sources */ = {isa = PBXBuildFile; fileRef = 19C04EFB2B40206F00CB76F4 /* StartPage2.swift */; };
		19C04EFE2B40229400CB76F4 /* SignInPage.swift in Sources */ = {isa = PBXBuildFile; fileRef = 19C04EFD2B40229400CB76F4 /* SignInPage.swift */; };
		19C04F022B4025FB00CB76F4 /* RecipeGeneratedPage.swift in Sources */ = {isa = PBXBuildFile; fileRef = 19C04F012B4025FB00CB76F4 /* RecipeGeneratedPage.swift */; };
		7FA51B522B55405700D741A0 /* SScannerPage.swift in Sources */ = {isa = PBXBuildFile; fileRef = 7FA51B512B55405700D741A0 /* SScannerPage.swift */; };
		7FAE06562B86031800F41C05 /* Posts.swift in Sources */ = {isa = PBXBuildFile; fileRef = 7FAE06552B86031800F41C05 /* Posts.swift */; };
		7FEE10972B56604200BCEC43 /* OpenAISwift in Frameworks */ = {isa = PBXBuildFile; productRef = 7FEE10962B56604200BCEC43 /* OpenAISwift */; };
		7FF805372B88A43F002917CE /* ProfilePage.swift in Sources */ = {isa = PBXBuildFile; fileRef = 7FF805362B88A43F002917CE /* ProfilePage.swift */; };
		847621BC2B920BD5005CA56C /* TasteWizOD.mlmodel in Sources */ = {isa = PBXBuildFile; fileRef = 847621BB2B920BD5005CA56C /* TasteWizOD.mlmodel */; };
		847621BE2B92386D005CA56C /* KeyboardAwareModifier.swift in Sources */ = {isa = PBXBuildFile; fileRef = 847621BD2B92386D005CA56C /* KeyboardAwareModifier.swift */; };
/* End PBXBuildFile section */

/* Begin PBXFileReference section */
		19517EC32B454DD8002EF166 /* RecipePage3.swift */ = {isa = PBXFileReference; lastKnownFileType = sourcecode.swift; path = RecipePage3.swift; sourceTree = "<group>"; };
		19517EC52B454E82002EF166 /* RecipePage4.swift */ = {isa = PBXFileReference; lastKnownFileType = sourcecode.swift; path = RecipePage4.swift; sourceTree = "<group>"; };
		19517EC72B454EA6002EF166 /* RecipePage5.swift */ = {isa = PBXFileReference; lastKnownFileType = sourcecode.swift; path = RecipePage5.swift; sourceTree = "<group>"; };
		19517EC92B454ECA002EF166 /* RecipePage6.swift */ = {isa = PBXFileReference; lastKnownFileType = sourcecode.swift; path = RecipePage6.swift; sourceTree = "<group>"; };
		195917FB2B3D8D6900E872CE /* TasteWiz.app */ = {isa = PBXFileReference; explicitFileType = wrapper.application; includeInIndex = 0; path = TasteWiz.app; sourceTree = BUILT_PRODUCTS_DIR; };
		195917FE2B3D8D6900E872CE /* TasteWizApp.swift */ = {isa = PBXFileReference; lastKnownFileType = sourcecode.swift; path = TasteWizApp.swift; sourceTree = "<group>"; };
		195918002B3D8D6900E872CE /* ContentView.swift */ = {isa = PBXFileReference; lastKnownFileType = sourcecode.swift; path = ContentView.swift; sourceTree = "<group>"; };
		195918022B3D8D6A00E872CE /* Assets.xcassets */ = {isa = PBXFileReference; lastKnownFileType = folder.assetcatalog; path = Assets.xcassets; sourceTree = "<group>"; };
		195918052B3D8D6A00E872CE /* Preview Assets.xcassets */ = {isa = PBXFileReference; lastKnownFileType = folder.assetcatalog; path = "Preview Assets.xcassets"; sourceTree = "<group>"; };
		1959180E2B3D9E7000E872CE /* ScannerPage.swift */ = {isa = PBXFileReference; lastKnownFileType = sourcecode.swift; path = ScannerPage.swift; sourceTree = "<group>"; };
		195918122B3DA68600E872CE /* RecipePage.swift */ = {isa = PBXFileReference; lastKnownFileType = sourcecode.swift; path = RecipePage.swift; sourceTree = "<group>"; };
		195918142B3DA89600E872CE /* RecipePage2.swift */ = {isa = PBXFileReference; lastKnownFileType = sourcecode.swift; path = RecipePage2.swift; sourceTree = "<group>"; };
		19C04EF92B401F4E00CB76F4 /* StartPage.swift */ = {isa = PBXFileReference; lastKnownFileType = sourcecode.swift; path = StartPage.swift; sourceTree = "<group>"; };
		19C04EFB2B40206F00CB76F4 /* StartPage2.swift */ = {isa = PBXFileReference; lastKnownFileType = sourcecode.swift; path = StartPage2.swift; sourceTree = "<group>"; };
		19C04EFD2B40229400CB76F4 /* SignInPage.swift */ = {isa = PBXFileReference; lastKnownFileType = sourcecode.swift; path = SignInPage.swift; sourceTree = "<group>"; };
		19C04F012B4025FB00CB76F4 /* RecipeGeneratedPage.swift */ = {isa = PBXFileReference; lastKnownFileType = sourcecode.swift; path = RecipeGeneratedPage.swift; sourceTree = "<group>"; };
		7FA51B512B55405700D741A0 /* SScannerPage.swift */ = {isa = PBXFileReference; lastKnownFileType = sourcecode.swift; path = SScannerPage.swift; sourceTree = "<group>"; };
		7FAE06542B85E40500F41C05 /* Info.plist */ = {isa = PBXFileReference; lastKnownFileType = text.plist; path = Info.plist; sourceTree = "<group>"; };
		7FAE06552B86031800F41C05 /* Posts.swift */ = {isa = PBXFileReference; lastKnownFileType = sourcecode.swift; path = Posts.swift; sourceTree = "<group>"; };
		7FF805362B88A43F002917CE /* ProfilePage.swift */ = {isa = PBXFileReference; lastKnownFileType = sourcecode.swift; path = ProfilePage.swift; sourceTree = "<group>"; };
		847621BB2B920BD5005CA56C /* TasteWizOD.mlmodel */ = {isa = PBXFileReference; lastKnownFileType = file.mlmodel; path = TasteWizOD.mlmodel; sourceTree = SOURCE_ROOT; };
		847621BD2B92386D005CA56C /* KeyboardAwareModifier.swift */ = {isa = PBXFileReference; lastKnownFileType = sourcecode.swift; path = KeyboardAwareModifier.swift; sourceTree = "<group>"; };
/* End PBXFileReference section */

/* Begin PBXFrameworksBuildPhase section */
		195917F82B3D8D6900E872CE /* Frameworks */ = {
			isa = PBXFrameworksBuildPhase;
			buildActionMask = 2147483647;
			files = (
				7FEE10972B56604200BCEC43 /* OpenAISwift in Frameworks */,
			);
			runOnlyForDeploymentPostprocessing = 0;
		};
/* End PBXFrameworksBuildPhase section */

/* Begin PBXGroup section */
		195917F22B3D8D6900E872CE = {
			isa = PBXGroup;
			children = (
				195917FD2B3D8D6900E872CE /* TasteWiz */,
				195917FC2B3D8D6900E872CE /* Products */,
			);
			sourceTree = "<group>";
		};
		195917FC2B3D8D6900E872CE /* Products */ = {
			isa = PBXGroup;
			children = (
				195917FB2B3D8D6900E872CE /* TasteWiz.app */,
			);
			name = Products;
			sourceTree = "<group>";
		};
		195917FD2B3D8D6900E872CE /* TasteWiz */ = {
			isa = PBXGroup;
			children = (
				7FAE06542B85E40500F41C05 /* Info.plist */,
				195917FE2B3D8D6900E872CE /* TasteWizApp.swift */,
				19C04EF92B401F4E00CB76F4 /* StartPage.swift */,
				19C04EFB2B40206F00CB76F4 /* StartPage2.swift */,
				19C04EFD2B40229400CB76F4 /* SignInPage.swift */,
				195918002B3D8D6900E872CE /* ContentView.swift */,
				1959180E2B3D9E7000E872CE /* ScannerPage.swift */,
				19C04F012B4025FB00CB76F4 /* RecipeGeneratedPage.swift */,
				195918122B3DA68600E872CE /* RecipePage.swift */,
				847621BB2B920BD5005CA56C /* TasteWizOD.mlmodel */,
				195918142B3DA89600E872CE /* RecipePage2.swift */,
				19517EC32B454DD8002EF166 /* RecipePage3.swift */,
				19517EC52B454E82002EF166 /* RecipePage4.swift */,
				19517EC72B454EA6002EF166 /* RecipePage5.swift */,
				19517EC92B454ECA002EF166 /* RecipePage6.swift */,
				195918022B3D8D6A00E872CE /* Assets.xcassets */,
				195918042B3D8D6A00E872CE /* Preview Content */,
				7FA51B512B55405700D741A0 /* SScannerPage.swift */,
				7FAE06552B86031800F41C05 /* Posts.swift */,
				7FF805362B88A43F002917CE /* ProfilePage.swift */,
				847621BD2B92386D005CA56C /* KeyboardAwareModifier.swift */,
			);
			path = TasteWiz;
			sourceTree = "<group>";
		};
		195918042B3D8D6A00E872CE /* Preview Content */ = {
			isa = PBXGroup;
			children = (
				195918052B3D8D6A00E872CE /* Preview Assets.xcassets */,
			);
			path = "Preview Content";
			sourceTree = "<group>";
		};
/* End PBXGroup section */

/* Begin PBXNativeTarget section */
		195917FA2B3D8D6900E872CE /* TasteWiz */ = {
			isa = PBXNativeTarget;
			buildConfigurationList = 195918092B3D8D6A00E872CE /* Build configuration list for PBXNativeTarget "TasteWiz" */;
			buildPhases = (
				195917F72B3D8D6900E872CE /* Sources */,
				195917F82B3D8D6900E872CE /* Frameworks */,
				195917F92B3D8D6900E872CE /* Resources */,
			);
			buildRules = (
			);
			dependencies = (
			);
			name = TasteWiz;
			packageProductDependencies = (
				7FEE10962B56604200BCEC43 /* OpenAISwift */,
			);
			productName = TasteWiz;
			productReference = 195917FB2B3D8D6900E872CE /* TasteWiz.app */;
			productType = "com.apple.product-type.application";
		};
/* End PBXNativeTarget section */

/* Begin PBXProject section */
		195917F32B3D8D6900E872CE /* Project object */ = {
			isa = PBXProject;
			attributes = {
				BuildIndependentTargetsInParallel = 1;
				LastSwiftUpdateCheck = 1430;
				LastUpgradeCheck = 1510;
				TargetAttributes = {
					195917FA2B3D8D6900E872CE = {
						CreatedOnToolsVersion = 14.3.1;
					};
				};
			};
			buildConfigurationList = 195917F62B3D8D6900E872CE /* Build configuration list for PBXProject "TasteWiz" */;
			compatibilityVersion = "Xcode 14.0";
			developmentRegion = en;
			hasScannedForEncodings = 0;
			knownRegions = (
				en,
				Base,
			);
			mainGroup = 195917F22B3D8D6900E872CE;
			packageReferences = (
				7FEE10952B56604200BCEC43 /* XCRemoteSwiftPackageReference "OpenAISwift" */,
			);
			productRefGroup = 195917FC2B3D8D6900E872CE /* Products */;
			projectDirPath = "";
			projectRoot = "";
			targets = (
				195917FA2B3D8D6900E872CE /* TasteWiz */,
			);
		};
/* End PBXProject section */

/* Begin PBXResourcesBuildPhase section */
		195917F92B3D8D6900E872CE /* Resources */ = {
			isa = PBXResourcesBuildPhase;
			buildActionMask = 2147483647;
			files = (
				195918062B3D8D6A00E872CE /* Preview Assets.xcassets in Resources */,
				195918032B3D8D6A00E872CE /* Assets.xcassets in Resources */,
			);
			runOnlyForDeploymentPostprocessing = 0;
		};
/* End PBXResourcesBuildPhase section */

/* Begin PBXSourcesBuildPhase section */
		195917F72B3D8D6900E872CE /* Sources */ = {
			isa = PBXSourcesBuildPhase;
			buildActionMask = 2147483647;
			files = (
				7FF805372B88A43F002917CE /* ProfilePage.swift in Sources */,
				7FAE06562B86031800F41C05 /* Posts.swift in Sources */,
				19517EC42B454DD8002EF166 /* RecipePage3.swift in Sources */,
				19C04EFE2B40229400CB76F4 /* SignInPage.swift in Sources */,
				195918152B3DA89600E872CE /* RecipePage2.swift in Sources */,
				19C04EFA2B401F4E00CB76F4 /* StartPage.swift in Sources */,
				19C04F022B4025FB00CB76F4 /* RecipeGeneratedPage.swift in Sources */,
				195918132B3DA68600E872CE /* RecipePage.swift in Sources */,
				19517EC82B454EA6002EF166 /* RecipePage5.swift in Sources */,
				195918012B3D8D6900E872CE /* ContentView.swift in Sources */,
				847621BE2B92386D005CA56C /* KeyboardAwareModifier.swift in Sources */,
				195917FF2B3D8D6900E872CE /* TasteWizApp.swift in Sources */,
				847621BC2B920BD5005CA56C /* TasteWizOD.mlmodel in Sources */,
				19517ECA2B454ECA002EF166 /* RecipePage6.swift in Sources */,
				19517EC62B454E82002EF166 /* RecipePage4.swift in Sources */,
				7FA51B522B55405700D741A0 /* SScannerPage.swift in Sources */,
				19C04EFC2B40206F00CB76F4 /* StartPage2.swift in Sources */,
				1959180F2B3D9E7000E872CE /* ScannerPage.swift in Sources */,
			);
			runOnlyForDeploymentPostprocessing = 0;
		};
/* End PBXSourcesBuildPhase section */

/* Begin XCBuildConfiguration section */
		195918072B3D8D6A00E872CE /* Debug */ = {
			isa = XCBuildConfiguration;
			buildSettings = {
				ALWAYS_SEARCH_USER_PATHS = NO;
				CLANG_ANALYZER_NONNULL = YES;
				CLANG_ANALYZER_NUMBER_OBJECT_CONVERSION = YES_AGGRESSIVE;
				CLANG_CXX_LANGUAGE_STANDARD = "gnu++20";
				CLANG_ENABLE_MODULES = YES;
				CLANG_ENABLE_OBJC_ARC = YES;
				CLANG_ENABLE_OBJC_WEAK = YES;
				CLANG_WARN_BLOCK_CAPTURE_AUTORELEASING = YES;
				CLANG_WARN_BOOL_CONVERSION = YES;
				CLANG_WARN_COMMA = YES;
				CLANG_WARN_CONSTANT_CONVERSION = YES;
				CLANG_WARN_DEPRECATED_OBJC_IMPLEMENTATIONS = YES;
				CLANG_WARN_DIRECT_OBJC_ISA_USAGE = YES_ERROR;
				CLANG_WARN_DOCUMENTATION_COMMENTS = YES;
				CLANG_WARN_EMPTY_BODY = YES;
				CLANG_WARN_ENUM_CONVERSION = YES;
				CLANG_WARN_INFINITE_RECURSION = YES;
				CLANG_WARN_INT_CONVERSION = YES;
				CLANG_WARN_NON_LITERAL_NULL_CONVERSION = YES;
				CLANG_WARN_OBJC_IMPLICIT_RETAIN_SELF = YES;
				CLANG_WARN_OBJC_LITERAL_CONVERSION = YES;
				CLANG_WARN_OBJC_ROOT_CLASS = YES_ERROR;
				CLANG_WARN_QUOTED_INCLUDE_IN_FRAMEWORK_HEADER = YES;
				CLANG_WARN_RANGE_LOOP_ANALYSIS = YES;
				CLANG_WARN_STRICT_PROTOTYPES = YES;
				CLANG_WARN_SUSPICIOUS_MOVE = YES;
				CLANG_WARN_UNGUARDED_AVAILABILITY = YES_AGGRESSIVE;
				CLANG_WARN_UNREACHABLE_CODE = YES;
				CLANG_WARN__DUPLICATE_METHOD_MATCH = YES;
				COPY_PHASE_STRIP = NO;
				DEBUG_INFORMATION_FORMAT = dwarf;
				ENABLE_STRICT_OBJC_MSGSEND = YES;
				ENABLE_TESTABILITY = YES;
				ENABLE_USER_SCRIPT_SANDBOXING = YES;
				GCC_C_LANGUAGE_STANDARD = gnu11;
				GCC_DYNAMIC_NO_PIC = NO;
				GCC_NO_COMMON_BLOCKS = YES;
				GCC_OPTIMIZATION_LEVEL = 0;
				GCC_PREPROCESSOR_DEFINITIONS = (
					"DEBUG=1",
					"$(inherited)",
				);
				GCC_WARN_64_TO_32_BIT_CONVERSION = YES;
				GCC_WARN_ABOUT_RETURN_TYPE = YES_ERROR;
				GCC_WARN_UNDECLARED_SELECTOR = YES;
				GCC_WARN_UNINITIALIZED_AUTOS = YES_AGGRESSIVE;
				GCC_WARN_UNUSED_FUNCTION = YES;
				GCC_WARN_UNUSED_VARIABLE = YES;
				IPHONEOS_DEPLOYMENT_TARGET = 16.4;
				MTL_ENABLE_DEBUG_INFO = INCLUDE_SOURCE;
				MTL_FAST_MATH = YES;
				ONLY_ACTIVE_ARCH = YES;
				SDKROOT = iphoneos;
				SWIFT_ACTIVE_COMPILATION_CONDITIONS = DEBUG;
				SWIFT_OPTIMIZATION_LEVEL = "-Onone";
			};
			name = Debug;
		};
		195918082B3D8D6A00E872CE /* Release */ = {
			isa = XCBuildConfiguration;
			buildSettings = {
				ALWAYS_SEARCH_USER_PATHS = NO;
				CLANG_ANALYZER_NONNULL = YES;
				CLANG_ANALYZER_NUMBER_OBJECT_CONVERSION = YES_AGGRESSIVE;
				CLANG_CXX_LANGUAGE_STANDARD = "gnu++20";
				CLANG_ENABLE_MODULES = YES;
				CLANG_ENABLE_OBJC_ARC = YES;
				CLANG_ENABLE_OBJC_WEAK = YES;
				CLANG_WARN_BLOCK_CAPTURE_AUTORELEASING = YES;
				CLANG_WARN_BOOL_CONVERSION = YES;
				CLANG_WARN_COMMA = YES;
				CLANG_WARN_CONSTANT_CONVERSION = YES;
				CLANG_WARN_DEPRECATED_OBJC_IMPLEMENTATIONS = YES;
				CLANG_WARN_DIRECT_OBJC_ISA_USAGE = YES_ERROR;
				CLANG_WARN_DOCUMENTATION_COMMENTS = YES;
				CLANG_WARN_EMPTY_BODY = YES;
				CLANG_WARN_ENUM_CONVERSION = YES;
				CLANG_WARN_INFINITE_RECURSION = YES;
				CLANG_WARN_INT_CONVERSION = YES;
				CLANG_WARN_NON_LITERAL_NULL_CONVERSION = YES;
				CLANG_WARN_OBJC_IMPLICIT_RETAIN_SELF = YES;
				CLANG_WARN_OBJC_LITERAL_CONVERSION = YES;
				CLANG_WARN_OBJC_ROOT_CLASS = YES_ERROR;
				CLANG_WARN_QUOTED_INCLUDE_IN_FRAMEWORK_HEADER = YES;
				CLANG_WARN_RANGE_LOOP_ANALYSIS = YES;
				CLANG_WARN_STRICT_PROTOTYPES = YES;
				CLANG_WARN_SUSPICIOUS_MOVE = YES;
				CLANG_WARN_UNGUARDED_AVAILABILITY = YES_AGGRESSIVE;
				CLANG_WARN_UNREACHABLE_CODE = YES;
				CLANG_WARN__DUPLICATE_METHOD_MATCH = YES;
				COPY_PHASE_STRIP = NO;
				DEBUG_INFORMATION_FORMAT = "dwarf-with-dsym";
				ENABLE_NS_ASSERTIONS = NO;
				ENABLE_STRICT_OBJC_MSGSEND = YES;
				ENABLE_USER_SCRIPT_SANDBOXING = YES;
				GCC_C_LANGUAGE_STANDARD = gnu11;
				GCC_NO_COMMON_BLOCKS = YES;
				GCC_WARN_64_TO_32_BIT_CONVERSION = YES;
				GCC_WARN_ABOUT_RETURN_TYPE = YES_ERROR;
				GCC_WARN_UNDECLARED_SELECTOR = YES;
				GCC_WARN_UNINITIALIZED_AUTOS = YES_AGGRESSIVE;
				GCC_WARN_UNUSED_FUNCTION = YES;
				GCC_WARN_UNUSED_VARIABLE = YES;
				IPHONEOS_DEPLOYMENT_TARGET = 16.4;
				MTL_ENABLE_DEBUG_INFO = NO;
				MTL_FAST_MATH = YES;
				SDKROOT = iphoneos;
				SWIFT_COMPILATION_MODE = wholemodule;
				SWIFT_OPTIMIZATION_LEVEL = "-O";
				VALIDATE_PRODUCT = YES;
			};
			name = Release;
		};
		1959180A2B3D8D6A00E872CE /* Debug */ = {
			isa = XCBuildConfiguration;
			buildSettings = {
				ASSETCATALOG_COMPILER_APPICON_NAME = AppIcon;
				ASSETCATALOG_COMPILER_GLOBAL_ACCENT_COLOR_NAME = AccentColor;
				CODE_SIGN_STYLE = Automatic;
				CURRENT_PROJECT_VERSION = 1;
				DEVELOPMENT_ASSET_PATHS = "\"TasteWiz/Preview Content\"";
				DEVELOPMENT_TEAM = 6G6YV76FAP;
				ENABLE_PREVIEWS = YES;
				GENERATE_INFOPLIST_FILE = YES;
				INFOPLIST_FILE = TasteWiz/Info.plist;
				INFOPLIST_KEY_NSCameraUsageDescription = "I need camera usage for detecting vegetables in the frame";
				INFOPLIST_KEY_UIApplicationSceneManifest_Generation = YES;
				INFOPLIST_KEY_UIApplicationSupportsIndirectInputEvents = YES;
				INFOPLIST_KEY_UILaunchScreen_Generation = YES;
				INFOPLIST_KEY_UISupportedInterfaceOrientations_iPad = "UIInterfaceOrientationPortrait UIInterfaceOrientationPortraitUpsideDown UIInterfaceOrientationLandscapeLeft UIInterfaceOrientationLandscapeRight";
				INFOPLIST_KEY_UISupportedInterfaceOrientations_iPhone = "UIInterfaceOrientationPortrait UIInterfaceOrientationLandscapeLeft UIInterfaceOrientationLandscapeRight";
				LD_RUNPATH_SEARCH_PATHS = (
					"$(inherited)",
					"@executable_path/Frameworks",
				);
				MARKETING_VERSION = 1.0;
				PRODUCT_BUNDLE_IDENTIFIER = yourcompany.com.TasteWi;
				PRODUCT_NAME = "$(TARGET_NAME)";
				SWIFT_EMIT_LOC_STRINGS = YES;
				SWIFT_VERSION = 5.0;
				TARGETED_DEVICE_FAMILY = "1,2";
			};
			name = Debug;
		};
		1959180B2B3D8D6A00E872CE /* Release */ = {
			isa = XCBuildConfiguration;
			buildSettings = {
				ASSETCATALOG_COMPILER_APPICON_NAME = AppIcon;
				ASSETCATALOG_COMPILER_GLOBAL_ACCENT_COLOR_NAME = AccentColor;
				CODE_SIGN_STYLE = Automatic;
				CURRENT_PROJECT_VERSION = 1;
				DEVELOPMENT_ASSET_PATHS = "\"TasteWiz/Preview Content\"";
				DEVELOPMENT_TEAM = 6G6YV76FAP;
				ENABLE_PREVIEWS = YES;
				GENERATE_INFOPLIST_FILE = YES;
				INFOPLIST_FILE = TasteWiz/Info.plist;
				INFOPLIST_KEY_NSCameraUsageDescription = "I need camera usage for detecting vegetables in the frame";
				INFOPLIST_KEY_UIApplicationSceneManifest_Generation = YES;
				INFOPLIST_KEY_UIApplicationSupportsIndirectInputEvents = YES;
				INFOPLIST_KEY_UILaunchScreen_Generation = YES;
				INFOPLIST_KEY_UISupportedInterfaceOrientations_iPad = "UIInterfaceOrientationPortrait UIInterfaceOrientationPortraitUpsideDown UIInterfaceOrientationLandscapeLeft UIInterfaceOrientationLandscapeRight";
				INFOPLIST_KEY_UISupportedInterfaceOrientations_iPhone = "UIInterfaceOrientationPortrait UIInterfaceOrientationLandscapeLeft UIInterfaceOrientationLandscapeRight";
				LD_RUNPATH_SEARCH_PATHS = (
					"$(inherited)",
					"@executable_path/Frameworks",
				);
				MARKETING_VERSION = 1.0;
				PRODUCT_BUNDLE_IDENTIFIER = yourcompany.com.TasteWi;
				PRODUCT_NAME = "$(TARGET_NAME)";
				SWIFT_EMIT_LOC_STRINGS = YES;
				SWIFT_VERSION = 5.0;
				TARGETED_DEVICE_FAMILY = "1,2";
			};
			name = Release;
		};
/* End XCBuildConfiguration section */

/* Begin XCConfigurationList section */
		195917F62B3D8D6900E872CE /* Build configuration list for PBXProject "TasteWiz" */ = {
			isa = XCConfigurationList;
			buildConfigurations = (
				195918072B3D8D6A00E872CE /* Debug */,
				195918082B3D8D6A00E872CE /* Release */,
			);
			defaultConfigurationIsVisible = 0;
			defaultConfigurationName = Release;
		};
		195918092B3D8D6A00E872CE /* Build configuration list for PBXNativeTarget "TasteWiz" */ = {
			isa = XCConfigurationList;
			buildConfigurations = (
				1959180A2B3D8D6A00E872CE /* Debug */,
				1959180B2B3D8D6A00E872CE /* Release */,
			);
			defaultConfigurationIsVisible = 0;
			defaultConfigurationName = Release;
		};
/* End XCConfigurationList section */

/* Begin XCRemoteSwiftPackageReference section */
		7FEE10952B56604200BCEC43 /* XCRemoteSwiftPackageReference "OpenAISwift" */ = {
			isa = XCRemoteSwiftPackageReference;
			repositoryURL = "https://github.com/adamrushy/OpenAISwift";
			requirement = {
				kind = upToNextMajorVersion;
				minimumVersion = 1.4.1;
			};
		};
/* End XCRemoteSwiftPackageReference section */

/* Begin XCSwiftPackageProductDependency section */
		7FEE10962B56604200BCEC43 /* OpenAISwift */ = {
			isa = XCSwiftPackageProductDependency;
			package = 7FEE10952B56604200BCEC43 /* XCRemoteSwiftPackageReference "OpenAISwift" */;
			productName = OpenAISwift;
		};
/* End XCSwiftPackageProductDependency section */
	};
	rootObject = 195917F32B3D8D6900E872CE /* Project object */;
}
